// !$*UTF8*$!
{
	archiveVersion = 1;
	classes = {
	};
	objectVersion = 46;
	objects = {

/* Begin PBXBuildFile section */
		1895710C1EA37C6D00B97802 /* AppDelegate.swift in Sources */ = {isa = PBXBuildFile; fileRef = 1895710B1EA37C6D00B97802 /* AppDelegate.swift */; };
		1895710E1EA37C6D00B97802 /* ViewController.swift in Sources */ = {isa = PBXBuildFile; fileRef = 1895710D1EA37C6D00B97802 /* ViewController.swift */; };
		189571111EA37C6D00B97802 /* Main.storyboard in Resources */ = {isa = PBXBuildFile; fileRef = 1895710F1EA37C6D00B97802 /* Main.storyboard */; };
		189571131EA37C6D00B97802 /* Assets.xcassets in Resources */ = {isa = PBXBuildFile; fileRef = 189571121EA37C6D00B97802 /* Assets.xcassets */; };
		189571161EA37C6D00B97802 /* LaunchScreen.storyboard in Resources */ = {isa = PBXBuildFile; fileRef = 189571141EA37C6D00B97802 /* LaunchScreen.storyboard */; };
		1895713A1EA37D1600B97802 /* BoardTest.swift in Sources */ = {isa = PBXBuildFile; fileRef = 189571391EA37D1600B97802 /* BoardTest.swift */; };
		1895713C1EA37DC200B97802 /* Board.swift in Sources */ = {isa = PBXBuildFile; fileRef = 1895713B1EA37DC200B97802 /* Board.swift */; };
		1895713E1EA3DA1000B97802 /* GomokuRulesTest.swift in Sources */ = {isa = PBXBuildFile; fileRef = 1895713D1EA3DA1000B97802 /* GomokuRulesTest.swift */; };
		189571401EA3DB8900B97802 /* GomokuRules.swift in Sources */ = {isa = PBXBuildFile; fileRef = 1895713F1EA3DB8900B97802 /* GomokuRules.swift */; };
		189571421EA3E94B00B97802 /* GridView.swift in Sources */ = {isa = PBXBuildFile; fileRef = 189571411EA3E94B00B97802 /* GridView.swift */; };
		18D028991EA4033E006383AF /* Board.swift in Sources */ = {isa = PBXBuildFile; fileRef = 1895713B1EA37DC200B97802 /* Board.swift */; };
		18D0289A1EA4033E006383AF /* GomokuRules.swift in Sources */ = {isa = PBXBuildFile; fileRef = 1895713F1EA3DB8900B97802 /* GomokuRules.swift */; };
/* End PBXBuildFile section */

/* Begin PBXContainerItemProxy section */
		1895711D1EA37C6D00B97802 /* PBXContainerItemProxy */ = {
			isa = PBXContainerItemProxy;
			containerPortal = 189571001EA37C6D00B97802 /* Project object */;
			proxyType = 1;
			remoteGlobalIDString = 189571071EA37C6D00B97802;
			remoteInfo = Gomoku;
		};
		189571281EA37C6D00B97802 /* PBXContainerItemProxy */ = {
			isa = PBXContainerItemProxy;
			containerPortal = 189571001EA37C6D00B97802 /* Project object */;
			proxyType = 1;
			remoteGlobalIDString = 189571071EA37C6D00B97802;
			remoteInfo = Gomoku;
		};
/* End PBXContainerItemProxy section */

/* Begin PBXFileReference section */
		189571081EA37C6D00B97802 /* Gomoku.app */ = {isa = PBXFileReference; explicitFileType = wrapper.application; includeInIndex = 0; path = Gomoku.app; sourceTree = BUILT_PRODUCTS_DIR; };
		1895710B1EA37C6D00B97802 /* AppDelegate.swift */ = {isa = PBXFileReference; lastKnownFileType = sourcecode.swift; path = AppDelegate.swift; sourceTree = "<group>"; };
		1895710D1EA37C6D00B97802 /* ViewController.swift */ = {isa = PBXFileReference; lastKnownFileType = sourcecode.swift; path = ViewController.swift; sourceTree = "<group>"; };
		189571101EA37C6D00B97802 /* Base */ = {isa = PBXFileReference; lastKnownFileType = file.storyboard; name = Base; path = Base.lproj/Main.storyboard; sourceTree = "<group>"; };
		189571121EA37C6D00B97802 /* Assets.xcassets */ = {isa = PBXFileReference; lastKnownFileType = folder.assetcatalog; path = Assets.xcassets; sourceTree = "<group>"; };
		189571151EA37C6D00B97802 /* Base */ = {isa = PBXFileReference; lastKnownFileType = file.storyboard; name = Base; path = Base.lproj/LaunchScreen.storyboard; sourceTree = "<group>"; };
		189571171EA37C6D00B97802 /* Info.plist */ = {isa = PBXFileReference; lastKnownFileType = text.plist.xml; path = Info.plist; sourceTree = "<group>"; };
		1895711C1EA37C6D00B97802 /* GomokuTests.xctest */ = {isa = PBXFileReference; explicitFileType = wrapper.cfbundle; includeInIndex = 0; path = GomokuTests.xctest; sourceTree = BUILT_PRODUCTS_DIR; };
		189571221EA37C6D00B97802 /* Info.plist */ = {isa = PBXFileReference; lastKnownFileType = text.plist.xml; path = Info.plist; sourceTree = "<group>"; };
		189571271EA37C6D00B97802 /* GomokuUITests.xctest */ = {isa = PBXFileReference; explicitFileType = wrapper.cfbundle; includeInIndex = 0; path = GomokuUITests.xctest; sourceTree = BUILT_PRODUCTS_DIR; };
		1895712D1EA37C6D00B97802 /* Info.plist */ = {isa = PBXFileReference; lastKnownFileType = text.plist.xml; path = Info.plist; sourceTree = "<group>"; };
		189571391EA37D1600B97802 /* BoardTest.swift */ = {isa = PBXFileReference; fileEncoding = 4; lastKnownFileType = sourcecode.swift; path = BoardTest.swift; sourceTree = "<group>"; };
		1895713B1EA37DC200B97802 /* Board.swift */ = {isa = PBXFileReference; fileEncoding = 4; lastKnownFileType = sourcecode.swift; path = Board.swift; sourceTree = "<group>"; };
		1895713D1EA3DA1000B97802 /* GomokuRulesTest.swift */ = {isa = PBXFileReference; fileEncoding = 4; lastKnownFileType = sourcecode.swift; path = GomokuRulesTest.swift; sourceTree = "<group>"; };
		1895713F1EA3DB8900B97802 /* GomokuRules.swift */ = {isa = PBXFileReference; fileEncoding = 4; lastKnownFileType = sourcecode.swift; path = GomokuRules.swift; sourceTree = "<group>"; };
		189571411EA3E94B00B97802 /* GridView.swift */ = {isa = PBXFileReference; fileEncoding = 4; lastKnownFileType = sourcecode.swift; path = GridView.swift; sourceTree = "<group>"; };
/* End PBXFileReference section */

/* Begin PBXFrameworksBuildPhase section */
		189571051EA37C6D00B97802 /* Frameworks */ = {
			isa = PBXFrameworksBuildPhase;
			buildActionMask = 2147483647;
			files = (
			);
			runOnlyForDeploymentPostprocessing = 0;
		};
		189571191EA37C6D00B97802 /* Frameworks */ = {
			isa = PBXFrameworksBuildPhase;
			buildActionMask = 2147483647;
			files = (
			);
			runOnlyForDeploymentPostprocessing = 0;
		};
		189571241EA37C6D00B97802 /* Frameworks */ = {
			isa = PBXFrameworksBuildPhase;
			buildActionMask = 2147483647;
			files = (
			);
			runOnlyForDeploymentPostprocessing = 0;
		};
/* End PBXFrameworksBuildPhase section */

/* Begin PBXGroup section */
		189570FF1EA37C6D00B97802 = {
			isa = PBXGroup;
			children = (
				1895710A1EA37C6D00B97802 /* Gomoku */,
				1895711F1EA37C6D00B97802 /* GomokuTests */,
				1895712A1EA37C6D00B97802 /* GomokuUITests */,
				189571091EA37C6D00B97802 /* Products */,
			);
			sourceTree = "<group>";
		};
		189571091EA37C6D00B97802 /* Products */ = {
			isa = PBXGroup;
			children = (
				189571081EA37C6D00B97802 /* Gomoku.app */,
				1895711C1EA37C6D00B97802 /* GomokuTests.xctest */,
				189571271EA37C6D00B97802 /* GomokuUITests.xctest */,
			);
			name = Products;
			sourceTree = "<group>";
		};
		1895710A1EA37C6D00B97802 /* Gomoku */ = {
			isa = PBXGroup;
			children = (
				1895710B1EA37C6D00B97802 /* AppDelegate.swift */,
				1895710D1EA37C6D00B97802 /* ViewController.swift */,
				1895710F1EA37C6D00B97802 /* Main.storyboard */,
				189571121EA37C6D00B97802 /* Assets.xcassets */,
				189571141EA37C6D00B97802 /* LaunchScreen.storyboard */,
				189571171EA37C6D00B97802 /* Info.plist */,
				1895713B1EA37DC200B97802 /* Board.swift */,
				1895713F1EA3DB8900B97802 /* GomokuRules.swift */,
				189571411EA3E94B00B97802 /* GridView.swift */,
			);
			path = Gomoku;
			sourceTree = "<group>";
		};
		1895711F1EA37C6D00B97802 /* GomokuTests */ = {
			isa = PBXGroup;
			children = (
				189571221EA37C6D00B97802 /* Info.plist */,
				189571391EA37D1600B97802 /* BoardTest.swift */,
				1895713D1EA3DA1000B97802 /* GomokuRulesTest.swift */,
			);
			path = GomokuTests;
			sourceTree = "<group>";
		};
		1895712A1EA37C6D00B97802 /* GomokuUITests */ = {
			isa = PBXGroup;
			children = (
				1895712D1EA37C6D00B97802 /* Info.plist */,
			);
			path = GomokuUITests;
			sourceTree = "<group>";
		};
/* End PBXGroup section */

/* Begin PBXNativeTarget section */
		189571071EA37C6D00B97802 /* Gomoku */ = {
			isa = PBXNativeTarget;
			buildConfigurationList = 189571301EA37C6D00B97802 /* Build configuration list for PBXNativeTarget "Gomoku" */;
			buildPhases = (
				189571041EA37C6D00B97802 /* Sources */,
				189571051EA37C6D00B97802 /* Frameworks */,
				189571061EA37C6D00B97802 /* Resources */,
			);
			buildRules = (
			);
			dependencies = (
			);
			name = Gomoku;
			productName = Gomoku;
			productReference = 189571081EA37C6D00B97802 /* Gomoku.app */;
			productType = "com.apple.product-type.application";
		};
		1895711B1EA37C6D00B97802 /* GomokuTests */ = {
			isa = PBXNativeTarget;
			buildConfigurationList = 189571331EA37C6D00B97802 /* Build configuration list for PBXNativeTarget "GomokuTests" */;
			buildPhases = (
				189571181EA37C6D00B97802 /* Sources */,
				189571191EA37C6D00B97802 /* Frameworks */,
				1895711A1EA37C6D00B97802 /* Resources */,
			);
			buildRules = (
			);
			dependencies = (
				1895711E1EA37C6D00B97802 /* PBXTargetDependency */,
			);
			name = GomokuTests;
			productName = GomokuTests;
			productReference = 1895711C1EA37C6D00B97802 /* GomokuTests.xctest */;
			productType = "com.apple.product-type.bundle.unit-test";
		};
		189571261EA37C6D00B97802 /* GomokuUITests */ = {
			isa = PBXNativeTarget;
			buildConfigurationList = 189571361EA37C6D00B97802 /* Build configuration list for PBXNativeTarget "GomokuUITests" */;
			buildPhases = (
				189571231EA37C6D00B97802 /* Sources */,
				189571241EA37C6D00B97802 /* Frameworks */,
				189571251EA37C6D00B97802 /* Resources */,
			);
			buildRules = (
			);
			dependencies = (
				189571291EA37C6D00B97802 /* PBXTargetDependency */,
			);
			name = GomokuUITests;
			productName = GomokuUITests;
			productReference = 189571271EA37C6D00B97802 /* GomokuUITests.xctest */;
			productType = "com.apple.product-type.bundle.ui-testing";
		};
/* End PBXNativeTarget section */

/* Begin PBXProject section */
		189571001EA37C6D00B97802 /* Project object */ = {
			isa = PBXProject;
			attributes = {
				LastSwiftUpdateCheck = 0830;
				LastUpgradeCheck = 0830;
				ORGANIZATIONNAME = "Anton Novoselov";
				TargetAttributes = {
					189571071EA37C6D00B97802 = {
						CreatedOnToolsVersion = 8.3.1;
						DevelopmentTeam = 358V8FBM3U;
						ProvisioningStyle = Automatic;
					};
					1895711B1EA37C6D00B97802 = {
						CreatedOnToolsVersion = 8.3.1;
						DevelopmentTeam = 358V8FBM3U;
						LastSwiftMigration = 0830;
						ProvisioningStyle = Automatic;
					};
					189571261EA37C6D00B97802 = {
						CreatedOnToolsVersion = 8.3.1;
						DevelopmentTeam = 358V8FBM3U;
						ProvisioningStyle = Automatic;
						TestTargetID = 189571071EA37C6D00B97802;
					};
				};
			};
			buildConfigurationList = 189571031EA37C6D00B97802 /* Build configuration list for PBXProject "Gomoku" */;
			compatibilityVersion = "Xcode 3.2";
			developmentRegion = English;
			hasScannedForEncodings = 0;
			knownRegions = (
				en,
				Base,
			);
			mainGroup = 189570FF1EA37C6D00B97802;
			productRefGroup = 189571091EA37C6D00B97802 /* Products */;
			projectDirPath = "";
			projectRoot = "";
			targets = (
				189571071EA37C6D00B97802 /* Gomoku */,
				1895711B1EA37C6D00B97802 /* GomokuTests */,
				189571261EA37C6D00B97802 /* GomokuUITests */,
			);
		};
/* End PBXProject section */

/* Begin PBXResourcesBuildPhase section */
		189571061EA37C6D00B97802 /* Resources */ = {
			isa = PBXResourcesBuildPhase;
			buildActionMask = 2147483647;
			files = (
				189571161EA37C6D00B97802 /* LaunchScreen.storyboard in Resources */,
				189571131EA37C6D00B97802 /* Assets.xcassets in Resources */,
				189571111EA37C6D00B97802 /* Main.storyboard in Resources */,
			);
			runOnlyForDeploymentPostprocessing = 0;
		};
		1895711A1EA37C6D00B97802 /* Resources */ = {
			isa = PBXResourcesBuildPhase;
			buildActionMask = 2147483647;
			files = (
			);
			runOnlyForDeploymentPostprocessing = 0;
		};
		189571251EA37C6D00B97802 /* Resources */ = {
			isa = PBXResourcesBuildPhase;
			buildActionMask = 2147483647;
			files = (
			);
			runOnlyForDeploymentPostprocessing = 0;
		};
/* End PBXResourcesBuildPhase section */

/* Begin PBXSourcesBuildPhase section */
		189571041EA37C6D00B97802 /* Sources */ = {
			isa = PBXSourcesBuildPhase;
			buildActionMask = 2147483647;
			files = (
				1895710E1EA37C6D00B97802 /* ViewController.swift in Sources */,
				189571401EA3DB8900B97802 /* GomokuRules.swift in Sources */,
				1895710C1EA37C6D00B97802 /* AppDelegate.swift in Sources */,
				189571421EA3E94B00B97802 /* GridView.swift in Sources */,
				1895713C1EA37DC200B97802 /* Board.swift in Sources */,
			);
			runOnlyForDeploymentPostprocessing = 0;
		};
		189571181EA37C6D00B97802 /* Sources */ = {
			isa = PBXSourcesBuildPhase;
			buildActionMask = 2147483647;
			files = (
				18D028991EA4033E006383AF /* Board.swift in Sources */,
				18D0289A1EA4033E006383AF /* GomokuRules.swift in Sources */,
				1895713A1EA37D1600B97802 /* BoardTest.swift in Sources */,
				1895713E1EA3DA1000B97802 /* GomokuRulesTest.swift in Sources */,
			);
			runOnlyForDeploymentPostprocessing = 0;
		};
		189571231EA37C6D00B97802 /* Sources */ = {
			isa = PBXSourcesBuildPhase;
			buildActionMask = 2147483647;
			files = (
			);
			runOnlyForDeploymentPostprocessing = 0;
		};
/* End PBXSourcesBuildPhase section */

/* Begin PBXTargetDependency section */
		1895711E1EA37C6D00B97802 /* PBXTargetDependency */ = {
			isa = PBXTargetDependency;
			target = 189571071EA37C6D00B97802 /* Gomoku */;
			targetProxy = 1895711D1EA37C6D00B97802 /* PBXContainerItemProxy */;
		};
		189571291EA37C6D00B97802 /* PBXTargetDependency */ = {
			isa = PBXTargetDependency;
			target = 189571071EA37C6D00B97802 /* Gomoku */;
			targetProxy = 189571281EA37C6D00B97802 /* PBXContainerItemProxy */;
		};
/* End PBXTargetDependency section */

/* Begin PBXVariantGroup section */
		1895710F1EA37C6D00B97802 /* Main.storyboard */ = {
			isa = PBXVariantGroup;
			children = (
				189571101EA37C6D00B97802 /* Base */,
			);
			name = Main.storyboard;
			sourceTree = "<group>";
		};
		189571141EA37C6D00B97802 /* LaunchScreen.storyboard */ = {
			isa = PBXVariantGroup;
			children = (
				189571151EA37C6D00B97802 /* Base */,
			);
			name = LaunchScreen.storyboard;
			sourceTree = "<group>";
		};
/* End PBXVariantGroup section */

/* Begin XCBuildConfiguration section */
		1895712E1EA37C6D00B97802 /* Debug */ = {
			isa = XCBuildConfiguration;
			buildSettings = {
				ALWAYS_SEARCH_USER_PATHS = NO;
				CLANG_ANALYZER_NONNULL = YES;
				CLANG_ANALYZER_NUMBER_OBJECT_CONVERSION = YES_AGGRESSIVE;
				CLANG_CXX_LANGUAGE_STANDARD = "gnu++0x";
				CLANG_CXX_LIBRARY = "libc++";
				CLANG_ENABLE_MODULES = YES;
				CLANG_ENABLE_OBJC_ARC = YES;
				CLANG_WARN_BOOL_CONVERSION = YES;
				CLANG_WARN_CONSTANT_CONVERSION = YES;
				CLANG_WARN_DIRECT_OBJC_ISA_USAGE = YES_ERROR;
				CLANG_WARN_DOCUMENTATION_COMMENTS = YES;
				CLANG_WARN_EMPTY_BODY = YES;
				CLANG_WARN_ENUM_CONVERSION = YES;
				CLANG_WARN_INFINITE_RECURSION = YES;
				CLANG_WARN_INT_CONVERSION = YES;
				CLANG_WARN_OBJC_ROOT_CLASS = YES_ERROR;
				CLANG_WARN_SUSPICIOUS_MOVE = YES;
				CLANG_WARN_UNREACHABLE_CODE = YES;
				CLANG_WARN__DUPLICATE_METHOD_MATCH = YES;
				"CODE_SIGN_IDENTITY[sdk=iphoneos*]" = "iPhone Developer";
				COPY_PHASE_STRIP = NO;
				DEBUG_INFORMATION_FORMAT = dwarf;
				ENABLE_STRICT_OBJC_MSGSEND = YES;
				ENABLE_TESTABILITY = YES;
				GCC_C_LANGUAGE_STANDARD = gnu99;
				GCC_DYNAMIC_NO_PIC = NO;
				GCC_NO_COMMON_BLOCKS = YES;
				GCC_OPTIMIZATION_LEVEL = 0;
				GCC_PREPROCESSOR_DEFINITIONS = (
					"DEBUG=1",
					"$(inherited)",
				);
				GCC_WARN_64_TO_32_BIT_CONVERSION = YES;
				GCC_WARN_ABOUT_RETURN_TYPE = YES_ERROR;
				GCC_WARN_UNDECLARED_SELECTOR = YES;
				GCC_WARN_UNINITIALIZED_AUTOS = YES_AGGRESSIVE;
				GCC_WARN_UNUSED_FUNCTION = YES;
				GCC_WARN_UNUSED_VARIABLE = YES;
				IPHONEOS_DEPLOYMENT_TARGET = 10.3;
				MTL_ENABLE_DEBUG_INFO = YES;
				ONLY_ACTIVE_ARCH = YES;
				SDKROOT = iphoneos;
				SWIFT_ACTIVE_COMPILATION_CONDITIONS = DEBUG;
				SWIFT_OPTIMIZATION_LEVEL = "-Onone";
				TARGETED_DEVICE_FAMILY = "1,2";
			};
			name = Debug;
		};
		1895712F1EA37C6D00B97802 /* Release */ = {
			isa = XCBuildConfiguration;
			buildSettings = {
				ALWAYS_SEARCH_USER_PATHS = NO;
				CLANG_ANALYZER_NONNULL = YES;
				CLANG_ANALYZER_NUMBER_OBJECT_CONVERSION = YES_AGGRESSIVE;
				CLANG_CXX_LANGUAGE_STANDARD = "gnu++0x";
				CLANG_CXX_LIBRARY = "libc++";
				CLANG_ENABLE_MODULES = YES;
				CLANG_ENABLE_OBJC_ARC = YES;
				CLANG_WARN_BOOL_CONVERSION = YES;
				CLANG_WARN_CONSTANT_CONVERSION = YES;
				CLANG_WARN_DIRECT_OBJC_ISA_USAGE = YES_ERROR;
				CLANG_WARN_DOCUMENTATION_COMMENTS = YES;
				CLANG_WARN_EMPTY_BODY = YES;
				CLANG_WARN_ENUM_CONVERSION = YES;
				CLANG_WARN_INFINITE_RECURSION = YES;
				CLANG_WARN_INT_CONVERSION = YES;
				CLANG_WARN_OBJC_ROOT_CLASS = YES_ERROR;
				CLANG_WARN_SUSPICIOUS_MOVE = YES;
				CLANG_WARN_UNREACHABLE_CODE = YES;
				CLANG_WARN__DUPLICATE_METHOD_MATCH = YES;
				"CODE_SIGN_IDENTITY[sdk=iphoneos*]" = "iPhone Developer";
				COPY_PHASE_STRIP = NO;
				DEBUG_INFORMATION_FORMAT = "dwarf-with-dsym";
				ENABLE_NS_ASSERTIONS = NO;
				ENABLE_STRICT_OBJC_MSGSEND = YES;
				GCC_C_LANGUAGE_STANDARD = gnu99;
				GCC_NO_COMMON_BLOCKS = YES;
				GCC_WARN_64_TO_32_BIT_CONVERSION = YES;
				GCC_WARN_ABOUT_RETURN_TYPE = YES_ERROR;
				GCC_WARN_UNDECLARED_SELECTOR = YES;
				GCC_WARN_UNINITIALIZED_AUTOS = YES_AGGRESSIVE;
				GCC_WARN_UNUSED_FUNCTION = YES;
				GCC_WARN_UNUSED_VARIABLE = YES;
				IPHONEOS_DEPLOYMENT_TARGET = 10.3;
				MTL_ENABLE_DEBUG_INFO = NO;
				SDKROOT = iphoneos;
				SWIFT_OPTIMIZATION_LEVEL = "-Owholemodule";
				TARGETED_DEVICE_FAMILY = "1,2";
				VALIDATE_PRODUCT = YES;
			};
			name = Release;
		};
		189571311EA37C6D00B97802 /* Debug */ = {
			isa = XCBuildConfiguration;
			buildSettings = {
				ASSETCATALOG_COMPILER_APPICON_NAME = AppIcon;
				DEVELOPMENT_TEAM = 358V8FBM3U;
				INFOPLIST_FILE = Gomoku/Info.plist;
				LD_RUNPATH_SEARCH_PATHS = "$(inherited) @executable_path/Frameworks";
				PRODUCT_BUNDLE_IDENTIFIER = com.antonnovoselov.Gomoku;
				PRODUCT_NAME = "$(TARGET_NAME)";
				SWIFT_VERSION = 3.0;
			};
			name = Debug;
		};
		189571321EA37C6D00B97802 /* Release */ = {
			isa = XCBuildConfiguration;
			buildSettings = {
				ASSETCATALOG_COMPILER_APPICON_NAME = AppIcon;
				DEVELOPMENT_TEAM = 358V8FBM3U;
				INFOPLIST_FILE = Gomoku/Info.plist;
				LD_RUNPATH_SEARCH_PATHS = "$(inherited) @executable_path/Frameworks";
				PRODUCT_BUNDLE_IDENTIFIER = com.antonnovoselov.Gomoku;
				PRODUCT_NAME = "$(TARGET_NAME)";
				SWIFT_VERSION = 3.0;
			};
			name = Release;
		};
		189571341EA37C6D00B97802 /* Debug */ = {
			isa = XCBuildConfiguration;
			buildSettings = {
				ALWAYS_EMBED_SWIFT_STANDARD_LIBRARIES = YES;
				CLANG_ENABLE_MODULES = YES;
				DEVELOPMENT_TEAM = 358V8FBM3U;
				INFOPLIST_FILE = GomokuTests/Info.plist;
				LD_RUNPATH_SEARCH_PATHS = "$(inherited) @executable_path/Frameworks @loader_path/Frameworks";
				PRODUCT_BUNDLE_IDENTIFIER = com.antonnovoselov.GomokuTests;
				PRODUCT_NAME = "$(TARGET_NAME)";
				SWIFT_OPTIMIZATION_LEVEL = "-Onone";
				SWIFT_VERSION = 3.0;
			};
			name = Debug;
		};
		189571351EA37C6D00B97802 /* Release */ = {
			isa = XCBuildConfiguration;
			buildSettings = {
				ALWAYS_EMBED_SWIFT_STANDARD_LIBRARIES = YES;
				CLANG_ENABLE_MODULES = YES;
				DEVELOPMENT_TEAM = 358V8FBM3U;
				INFOPLIST_FILE = GomokuTests/Info.plist;
				LD_RUNPATH_SEARCH_PATHS = "$(inherited) @executable_path/Frameworks @loader_path/Frameworks";
				PRODUCT_BUNDLE_IDENTIFIER = com.antonnovoselov.GomokuTests;
				PRODUCT_NAME = "$(TARGET_NAME)";
				SWIFT_VERSION = 3.0;
			};
			name = Release;
		};
		189571371EA37C6D00B97802 /* Debug */ = {
			isa = XCBuildConfiguration;
			buildSettings = {
				ALWAYS_EMBED_SWIFT_STANDARD_LIBRARIES = YES;
				DEVELOPMENT_TEAM = 358V8FBM3U;
				INFOPLIST_FILE = GomokuUITests/Info.plist;
				LD_RUNPATH_SEARCH_PATHS = "$(inherited) @executable_path/Frameworks @loader_path/Frameworks";
				PRODUCT_BUNDLE_IDENTIFIER = com.antonnovoselov.GomokuUITests;
				PRODUCT_NAME = "$(TARGET_NAME)";
				SWIFT_VERSION = 3.0;
				TEST_TARGET_NAME = Gomoku;
			};
			name = Debug;
		};
		189571381EA37C6D00B97802 /* Release */ = {
			isa = XCBuildConfiguration;
			buildSettings = {
				ALWAYS_EMBED_SWIFT_STANDARD_LIBRARIES = YES;
				DEVELOPMENT_TEAM = 358V8FBM3U;
				INFOPLIST_FILE = GomokuUITests/Info.plist;
				LD_RUNPATH_SEARCH_PATHS = "$(inherited) @executable_path/Frameworks @loader_path/Frameworks";
				PRODUCT_BUNDLE_IDENTIFIER = com.antonnovoselov.GomokuUITests;
				PRODUCT_NAME = "$(TARGET_NAME)";
				SWIFT_VERSION = 3.0;
				TEST_TARGET_NAME = Gomoku;
			};
			name = Release;
		};
/* End XCBuildConfiguration section */

/* Begin XCConfigurationList section */
		189571031EA37C6D00B97802 /* Build configuration list for PBXProject "Gomoku" */ = {
			isa = XCConfigurationList;
			buildConfigurations = (
				1895712E1EA37C6D00B97802 /* Debug */,
				1895712F1EA37C6D00B97802 /* Release */,
			);
			defaultConfigurationIsVisible = 0;
			defaultConfigurationName = Release;
		};
		189571301EA37C6D00B97802 /* Build configuration list for PBXNativeTarget "Gomoku" */ = {
			isa = XCConfigurationList;
			buildConfigurations = (
				189571311EA37C6D00B97802 /* Debug */,
				189571321EA37C6D00B97802 /* Release */,
			);
			defaultConfigurationIsVisible = 0;
			defaultConfigurationName = Release;
		};
		189571331EA37C6D00B97802 /* Build configuration list for PBXNativeTarget "GomokuTests" */ = {
			isa = XCConfigurationList;
			buildConfigurations = (
				189571341EA37C6D00B97802 /* Debug */,
				189571351EA37C6D00B97802 /* Release */,
			);
			defaultConfigurationIsVisible = 0;
			defaultConfigurationName = Release;
		};
		189571361EA37C6D00B97802 /* Build configuration list for PBXNativeTarget "GomokuUITests" */ = {
			isa = XCConfigurationList;
			buildConfigurations = (
				189571371EA37C6D00B97802 /* Debug */,
				189571381EA37C6D00B97802 /* Release */,
			);
			defaultConfigurationIsVisible = 0;
			defaultConfigurationName = Release;
		};
/* End XCConfigurationList section */
	};
	rootObject = 189571001EA37C6D00B97802 /* Project object */;
}
